<?xml version="1.0" encoding="utf-8"?>
<Project ToolsVersion="4.0" xmlns="http://schemas.microsoft.com/developer/msbuild/2003">
  <ItemGroup>
    <Xml Include="default.xml" />
    <Xml Include="out_camera_data.xml" />
  </ItemGroup>
  <ItemGroup>
    <ClCompile Include="Calibration.cpp" />
  </ItemGroup>
  <ItemGroup>
    <FxCompile Include="TiledTextures.fx" />
  </ItemGroup>
  <ItemGroup>
    <ClInclude Include="TiledTextures.h" />
    <ClInclude Include="KinectSensor.h" />
    <ClInclude Include="OpenCVThread.h" />
    <ClInclude Include="ScopedThread.h" />
  </ItemGroup>
</Project>